
Microsoft Visual Studio Solution File, Format Version 12.00
# Visual Studio Version 16
VisualStudioVersion = 16.0.31605.320
MinimumVisualStudioVersion = 10.0.40219.1
Project("{9A19103F-16F7-4668-BE54-9A1E7A4F7556}") = "DriverDB.Core", "DriverDB.Core\DriverDB.Core.csproj", "{CBDD1A2F-E346-4BE8-AF44-DCE22F3B4907}"
EndProject
Project("{FAE04EC0-301F-11D3-BF4B-00C04F79EFBC}") = "DriverDB.Test", "DriverDB.Test\DriverDB.Test.csproj", "{18CA8E9C-A2FE-41AC-BB44-96EEB8DDE943}"
	ProjectSection(ProjectDependencies) = postProject
		{CBDD1A2F-E346-4BE8-AF44-DCE22F3B4907} = {CBDD1A2F-E346-4BE8-AF44-DCE22F3B4907}
	EndProjectSection
EndProject
Project("{FAE04EC0-301F-11D3-BF4B-00C04F79EFBC}") = "DriverDB.UI", "DriverDB.UI\DriverDB.UI.csproj", "{18B7AD29-4879-4097-8869-37DDC4D2D2A1}"
	ProjectSection(ProjectDependencies) = postProject
		{CBDD1A2F-E346-4BE8-AF44-DCE22F3B4907} = {CBDD1A2F-E346-4BE8-AF44-DCE22F3B4907}
	EndProjectSection
EndProject
Global
	GlobalSection(SolutionConfigurationPlatforms) = preSolution
		Debug|Any CPU = Debug|Any CPU
		Release|Any CPU = Release|Any CPU
	EndGlobalSection
	GlobalSection(ProjectConfigurationPlatforms) = postSolution
		{CBDD1A2F-E346-4BE8-AF44-DCE22F3B4907}.Debug|Any CPU.ActiveCfg = Debug|Any CPU
		{CBDD1A2F-E346-4BE8-AF44-DCE22F3B4907}.Debug|Any CPU.Build.0 = Debug|Any CPU
		{CBDD1A2F-E346-4BE8-AF44-DCE22F3B4907}.Release|Any CPU.ActiveCfg = Release|Any CPU
		{CBDD1A2F-E346-4BE8-AF44-DCE22F3B4907}.Release|Any CPU.Build.0 = Release|Any CPU
		{18CA8E9C-A2FE-41AC-BB44-96EEB8DDE943}.Debug|Any CPU.ActiveCfg = Debug|Any CPU
		{18CA8E9C-A2FE-41AC-BB44-96EEB8DDE943}.Debug|Any CPU.Build.0 = Debug|Any CPU
		{18CA8E9C-A2FE-41AC-BB44-96EEB8DDE943}.Release|Any CPU.ActiveCfg = Release|Any CPU
		{18CA8E9C-A2FE-41AC-BB44-96EEB8DDE943}.Release|Any CPU.Build.0 = Release|Any CPU
		{18B7AD29-4879-4097-8869-37DDC4D2D2A1}.Debug|Any CPU.ActiveCfg = Debug|Any CPU
		{18B7AD29-4879-4097-8869-37DDC4D2D2A1}.Debug|Any CPU.Build.0 = Debug|Any CPU
		{18B7AD29-4879-4097-8869-37DDC4D2D2A1}.Release|Any CPU.ActiveCfg = Release|Any CPU
		{18B7AD29-4879-4097-8869-37DDC4D2D2A1}.Release|Any CPU.Build.0 = Release|Any CPU
	EndGlobalSection
	GlobalSection(SolutionProperties) = preSolution
		HideSolutionNode = FALSE
	EndGlobalSection
	GlobalSection(ExtensibilityGlobals) = postSolution
		SolutionGuid = {CC8EA949-7F1E-4F43-A370-F0EF482BA6CC}
	EndGlobalSection
EndGlobal
